
Microsoft Visual Studio Solution File, Format Version 12.00
# Visual Studio Version 16
VisualStudioVersion = 16.0.32901.82
MinimumVisualStudioVersion = 10.0.40219.1
Project("{9A19103F-16F7-4668-BE54-9A1E7A4F7556}") = "Blackjack", "Blackjack.csproj", "{4F5AD66F-F50E-4A10-A32B-CEC4BD87E4BF}"
EndProject
Project("{FAE04EC0-301F-11D3-BF4B-00C04F79EFBC}") = "Casino", "..\Casino\Casino.csproj", "{87713222-C5EE-44DC-9A24-539795EBCB14}"
EndProject
Global
	GlobalSection(SolutionConfigurationPlatforms) = preSolution
		Debug|Any CPU = Debug|Any CPU
		Release|Any CPU = Release|Any CPU
	EndGlobalSection
	GlobalSection(ProjectConfigurationPlatforms) = postSolution
		{4F5AD66F-F50E-4A10-A32B-CEC4BD87E4BF}.Debug|Any CPU.ActiveCfg = Debug|Any CPU
		{4F5AD66F-F50E-4A10-A32B-CEC4BD87E4BF}.Debug|Any CPU.Build.0 = Debug|Any CPU
		{4F5AD66F-F50E-4A10-A32B-CEC4BD87E4BF}.Release|Any CPU.ActiveCfg = Release|Any CPU
		{4F5AD66F-F50E-4A10-A32B-CEC4BD87E4BF}.Release|Any CPU.Build.0 = Release|Any CPU
		{87713222-C5EE-44DC-9A24-539795EBCB14}.Debug|Any CPU.ActiveCfg = Debug|Any CPU
		{87713222-C5EE-44DC-9A24-539795EBCB14}.Debug|Any CPU.Build.0 = Debug|Any CPU
		{87713222-C5EE-44DC-9A24-539795EBCB14}.Release|Any CPU.ActiveCfg = Release|Any CPU
		{87713222-C5EE-44DC-9A24-539795EBCB14}.Release|Any CPU.Build.0 = Release|Any CPU
	EndGlobalSection
	GlobalSection(SolutionProperties) = preSolution
		HideSolutionNode = FALSE
	EndGlobalSection
	GlobalSection(ExtensibilityGlobals) = postSolution
		SolutionGuid = {21508B9B-8CDB-4965-971E-073C28F31C87}
	EndGlobalSection
EndGlobal
